<?xml version="1.0" encoding="utf-8"?>
<Project ToolsVersion="17.0" xmlns="http://schemas.microsoft.com/developer/msbuild/2003">
  <ItemGroup>
    <ClCompile Include="C:\Users\robin\Desktop\ParticleSim\src\main.cpp">
      <Filter>Source Files</Filter>
    </ClCompile>
    <ClCompile Include="C:\Users\robin\Desktop\ParticleSim\glad\src\glad.c">
      <Filter>Source Files</Filter>
    </ClCompile>
  </ItemGroup>
  <ItemGroup>
    <CustomBuild Include="C:\Users\robin\Desktop\ParticleSim\CMakeLists.txt" />
  </ItemGroup>
  <ItemGroup>
    <Filter Include="Source Files">
      <UniqueIdentifier>{C07CAB67-FFF8-36D8-909A-C1C581DE4C17}</UniqueIdentifier>
    </Filter>
    <Filter Include="include">
      <UniqueIdentifier>{2236d58e-b60b-4e4e-826d-0abd89bb7777}</UniqueIdentifier>
    </Filter>
    <Filter Include="shaders">
      <UniqueIdentifier>{f2b6ad43-d48c-4afe-9476-92a8056cfe8d}</UniqueIdentifier>
    </Filter>
  </ItemGroup>
  <ItemGroup>
    <ClInclude Include="include\ShaderUtil.hpp">
      <Filter>include</Filter>
    </ClInclude>
  </ItemGroup>
  <ItemGroup>
    <None Include="shaders\compute_shader.glsl">
      <Filter>shaders</Filter>
    </None>
    <None Include="shaders\fragment_shader.glsl">
      <Filter>shaders</Filter>
    </None>
    <None Include="shaders\geometry_shader.glsl">
      <Filter>shaders</Filter>
    </None>
    <None Include="shaders\vertex_shader.glsl">
      <Filter>shaders</Filter>
    </None>
  </ItemGroup>
</Project>